{
    "_readme": [
        "This file locks the dependencies of your project to a known state",
        "Read more about it at https://getcomposer.org/doc/01-basic-usage.md#installing-dependencies",
        "This file is @generated automatically"
    ],
    "content-hash": "fa7d762f12c193ae3a59ad46ee6b1a9e",
    "packages": [
        {
            "name": "novembit/dev-log",
            "version": "dev-master",
            "source": {
                "type": "git",
                "url": "https://github.com/NovemBit/dev-log.git",
                "reference": "ac9eead1cd7e28bb6ff97c7607d2cb25f715fff8"
            },
            "dist": {
                "type": "zip",
                "url": "https://api.github.com/repos/NovemBit/dev-log/zipball/ac9eead1cd7e28bb6ff97c7607d2cb25f715fff8",
                "reference": "ac9eead1cd7e28bb6ff97c7607d2cb25f715fff8",
                "shasum": ""
            },
            "require": {
                "ext-json": "*",
                "ext-pdo": "*",
                "php": ">=5.6"
            },
            "type": "library",
            "autoload": {
                "files": [
                    "init.php"
                ]
            },
            "notification-url": "https://packagist.org/downloads/",
            "description": "PHP powerful debugging tool",
            "keywords": [
                "debugger",
                "logger"
            ],
            "time": "2019-09-11T12:52:41+00:00"
        }
    ],
    "packages-dev": [],
    "aliases": [],
    "minimum-stability": "stable",
    "stability-flags": {
        "novembit/dev-log": 20
    },
    "prefer-stable": false,
    "prefer-lowest": false,
    "platform": {
        "php": ">=5.6",
        "ext-pdo": "*"
    },
    "platform-dev": []
}
